
Microsoft Visual Studio Solution File, Format Version 12.00
# Visual Studio Version 17
VisualStudioVersion = 17.10.34928.147
MinimumVisualStudioVersion = 10.0.40219.1
Project("{9A19103F-16F7-4668-BE54-9A1E7A4F7556}") = "StudyApi.Api", "src\StudyApi.Api\StudyApi.Api.csproj", "{98000069-3CF0-4E65-81A9-F2797B7C262D}"
EndProject
Project("{9A19103F-16F7-4668-BE54-9A1E7A4F7556}") = "StudyApi.Business", "src\StudyApi.Business\StudyApi.Business.csproj", "{4191878C-64A6-4578-A0CC-8E77AE8752A6}"
EndProject
Project("{9A19103F-16F7-4668-BE54-9A1E7A4F7556}") = "StudyApi.Data", "src\StudyApi.Data\StudyApi.Data.csproj", "{514463AE-1479-40F4-961A-3B99E3B41C40}"
EndProject
Global
	GlobalSection(SolutionConfigurationPlatforms) = preSolution
		Debug|Any CPU = Debug|Any CPU
		Release|Any CPU = Release|Any CPU
	EndGlobalSection
	GlobalSection(ProjectConfigurationPlatforms) = postSolution
		{98000069-3CF0-4E65-81A9-F2797B7C262D}.Debug|Any CPU.ActiveCfg = Debug|Any CPU
		{98000069-3CF0-4E65-81A9-F2797B7C262D}.Debug|Any CPU.Build.0 = Debug|Any CPU
		{98000069-3CF0-4E65-81A9-F2797B7C262D}.Release|Any CPU.ActiveCfg = Release|Any CPU
		{98000069-3CF0-4E65-81A9-F2797B7C262D}.Release|Any CPU.Build.0 = Release|Any CPU
		{4191878C-64A6-4578-A0CC-8E77AE8752A6}.Debug|Any CPU.ActiveCfg = Debug|Any CPU
		{4191878C-64A6-4578-A0CC-8E77AE8752A6}.Debug|Any CPU.Build.0 = Debug|Any CPU
		{4191878C-64A6-4578-A0CC-8E77AE8752A6}.Release|Any CPU.ActiveCfg = Release|Any CPU
		{4191878C-64A6-4578-A0CC-8E77AE8752A6}.Release|Any CPU.Build.0 = Release|Any CPU
		{514463AE-1479-40F4-961A-3B99E3B41C40}.Debug|Any CPU.ActiveCfg = Debug|Any CPU
		{514463AE-1479-40F4-961A-3B99E3B41C40}.Debug|Any CPU.Build.0 = Debug|Any CPU
		{514463AE-1479-40F4-961A-3B99E3B41C40}.Release|Any CPU.ActiveCfg = Release|Any CPU
		{514463AE-1479-40F4-961A-3B99E3B41C40}.Release|Any CPU.Build.0 = Release|Any CPU
	EndGlobalSection
	GlobalSection(SolutionProperties) = preSolution
		HideSolutionNode = FALSE
	EndGlobalSection
	GlobalSection(ExtensibilityGlobals) = postSolution
		SolutionGuid = {AD834DB8-E549-42B1-8241-509D2688CB81}
	EndGlobalSection
EndGlobal
