
Microsoft Visual Studio Solution File, Format Version 12.00
# Visual Studio Version 17
VisualStudioVersion = 17.10.34928.147
MinimumVisualStudioVersion = 10.0.40219.1
Project("{FAE04EC0-301F-11D3-BF4B-00C04F79EFBC}") = "StudyApi.Data", "src\StudyApi.Data\StudyApi.Data\StudyApi.Data.csproj", "{B7CB6486-AF4E-4112-8EAD-B8608823F129}"
EndProject
Project("{FAE04EC0-301F-11D3-BF4B-00C04F79EFBC}") = "StudyApi.Business", "src\StudyApi.Business\StudyApi.Business\StudyApi.Business.csproj", "{3425D14D-3245-4228-AB53-499CBF575C19}"
EndProject
Global
	GlobalSection(SolutionConfigurationPlatforms) = preSolution
		Debug|Any CPU = Debug|Any CPU
		Release|Any CPU = Release|Any CPU
	EndGlobalSection
	GlobalSection(ProjectConfigurationPlatforms) = postSolution
		{B7CB6486-AF4E-4112-8EAD-B8608823F129}.Debug|Any CPU.ActiveCfg = Debug|Any CPU
		{B7CB6486-AF4E-4112-8EAD-B8608823F129}.Debug|Any CPU.Build.0 = Debug|Any CPU
		{B7CB6486-AF4E-4112-8EAD-B8608823F129}.Release|Any CPU.ActiveCfg = Release|Any CPU
		{B7CB6486-AF4E-4112-8EAD-B8608823F129}.Release|Any CPU.Build.0 = Release|Any CPU
		{3425D14D-3245-4228-AB53-499CBF575C19}.Debug|Any CPU.ActiveCfg = Debug|Any CPU
		{3425D14D-3245-4228-AB53-499CBF575C19}.Debug|Any CPU.Build.0 = Debug|Any CPU
		{3425D14D-3245-4228-AB53-499CBF575C19}.Release|Any CPU.ActiveCfg = Release|Any CPU
		{3425D14D-3245-4228-AB53-499CBF575C19}.Release|Any CPU.Build.0 = Release|Any CPU
	EndGlobalSection
	GlobalSection(SolutionProperties) = preSolution
		HideSolutionNode = FALSE
	EndGlobalSection
	GlobalSection(ExtensibilityGlobals) = postSolution
		SolutionGuid = {AD834DB8-E549-42B1-8241-509D2688CB81}
	EndGlobalSection
EndGlobal
